
Microsoft Visual Studio Solution File, Format Version 12.00
# Visual Studio 14
VisualStudioVersion = 14.0.25123.0
MinimumVisualStudioVersion = 10.0.40219.1
Project("{FAE04EC0-301F-11D3-BF4B-00C04F79EFBC}") = "Logic", "Logic\Logic.csproj", "{0566D6DC-392A-4669-ADF5-43413F3D8E2C}"
EndProject
Project("{FAE04EC0-301F-11D3-BF4B-00C04F79EFBC}") = "EKAWindowApplication", "EKAWindowApplication\EKAWindowApplication.csproj", "{1F53C9AF-3D70-49F5-B3A5-5DDF3F65DD14}"
EndProject
Global
	GlobalSection(SolutionConfigurationPlatforms) = preSolution
		Debug|Any CPU = Debug|Any CPU
		Release|Any CPU = Release|Any CPU
	EndGlobalSection
	GlobalSection(ProjectConfigurationPlatforms) = postSolution
		{0566D6DC-392A-4669-ADF5-43413F3D8E2C}.Debug|Any CPU.ActiveCfg = Debug|Any CPU
		{0566D6DC-392A-4669-ADF5-43413F3D8E2C}.Debug|Any CPU.Build.0 = Debug|Any CPU
		{0566D6DC-392A-4669-ADF5-43413F3D8E2C}.Release|Any CPU.ActiveCfg = Release|Any CPU
		{0566D6DC-392A-4669-ADF5-43413F3D8E2C}.Release|Any CPU.Build.0 = Release|Any CPU
		{1F53C9AF-3D70-49F5-B3A5-5DDF3F65DD14}.Debug|Any CPU.ActiveCfg = Debug|Any CPU
		{1F53C9AF-3D70-49F5-B3A5-5DDF3F65DD14}.Debug|Any CPU.Build.0 = Debug|Any CPU
		{1F53C9AF-3D70-49F5-B3A5-5DDF3F65DD14}.Release|Any CPU.ActiveCfg = Release|Any CPU
		{1F53C9AF-3D70-49F5-B3A5-5DDF3F65DD14}.Release|Any CPU.Build.0 = Release|Any CPU
	EndGlobalSection
	GlobalSection(SolutionProperties) = preSolution
		HideSolutionNode = FALSE
	EndGlobalSection
EndGlobal
